// !$*UTF8*$!
{
	archiveVersion = 1;
	classes = {
	};
	objectVersion = 50;
	objects = {

/* Begin PBXBuildFile section */
		9F929B3425EFCE2700987653 /* AppDelegate.swift in Sources */ = {isa = PBXBuildFile; fileRef = 9F929B3325EFCE2700987653 /* AppDelegate.swift */; };
		9F929B3625EFCE2700987653 /* SceneDelegate.swift in Sources */ = {isa = PBXBuildFile; fileRef = 9F929B3525EFCE2700987653 /* SceneDelegate.swift */; };
		9F929B3825EFCE2700987653 /* ViewController.swift in Sources */ = {isa = PBXBuildFile; fileRef = 9F929B3725EFCE2700987653 /* ViewController.swift */; };
		9F929B3B25EFCE2700987653 /* Main.storyboard in Resources */ = {isa = PBXBuildFile; fileRef = 9F929B3925EFCE2700987653 /* Main.storyboard */; };
		9F929B3D25EFCE3600987653 /* Assets.xcassets in Resources */ = {isa = PBXBuildFile; fileRef = 9F929B3C25EFCE3600987653 /* Assets.xcassets */; };
		9F929B4025EFCE3600987653 /* LaunchScreen.storyboard in Resources */ = {isa = PBXBuildFile; fileRef = 9F929B3E25EFCE3600987653 /* LaunchScreen.storyboard */; };
		9F929B4B25EFCE3600987653 /* testtt12Tests.swift in Sources */ = {isa = PBXBuildFile; fileRef = 9F929B4A25EFCE3600987653 /* testtt12Tests.swift */; };
		9F929B5625EFCE3600987653 /* testtt12UITests.swift in Sources */ = {isa = PBXBuildFile; fileRef = 9F929B5525EFCE3600987653 /* testtt12UITests.swift */; };
/* End PBXBuildFile section */

/* Begin PBXContainerItemProxy section */
		9F929B4725EFCE3600987653 /* PBXContainerItemProxy */ = {
			isa = PBXContainerItemProxy;
			containerPortal = 9F929B2825EFCE2700987653 /* Project object */;
			proxyType = 1;
			remoteGlobalIDString = 9F929B2F25EFCE2700987653;
			remoteInfo = testtt12;
		};
		9F929B5225EFCE3600987653 /* PBXContainerItemProxy */ = {
			isa = PBXContainerItemProxy;
			containerPortal = 9F929B2825EFCE2700987653 /* Project object */;
			proxyType = 1;
			remoteGlobalIDString = 9F929B2F25EFCE2700987653;
			remoteInfo = testtt12;
		};
/* End PBXContainerItemProxy section */

/* Begin PBXFileReference section */
		9F929B3025EFCE2700987653 /* testtt12.app */ = {isa = PBXFileReference; explicitFileType = wrapper.application; includeInIndex = 0; path = testtt12.app; sourceTree = BUILT_PRODUCTS_DIR; };
		9F929B3325EFCE2700987653 /* AppDelegate.swift */ = {isa = PBXFileReference; lastKnownFileType = sourcecode.swift; path = AppDelegate.swift; sourceTree = "<group>"; };
		9F929B3525EFCE2700987653 /* SceneDelegate.swift */ = {isa = PBXFileReference; lastKnownFileType = sourcecode.swift; path = SceneDelegate.swift; sourceTree = "<group>"; };
		9F929B3725EFCE2700987653 /* ViewController.swift */ = {isa = PBXFileReference; lastKnownFileType = sourcecode.swift; path = ViewController.swift; sourceTree = "<group>"; };
		9F929B3A25EFCE2700987653 /* Base */ = {isa = PBXFileReference; lastKnownFileType = file.storyboard; name = Base; path = Base.lproj/Main.storyboard; sourceTree = "<group>"; };
		9F929B3C25EFCE3600987653 /* Assets.xcassets */ = {isa = PBXFileReference; lastKnownFileType = folder.assetcatalog; path = Assets.xcassets; sourceTree = "<group>"; };
		9F929B3F25EFCE3600987653 /* Base */ = {isa = PBXFileReference; lastKnownFileType = file.storyboard; name = Base; path = Base.lproj/LaunchScreen.storyboard; sourceTree = "<group>"; };
		9F929B4125EFCE3600987653 /* Info.plist */ = {isa = PBXFileReference; lastKnownFileType = text.plist.xml; path = Info.plist; sourceTree = "<group>"; };
		9F929B4625EFCE3600987653 /* testtt12Tests.xctest */ = {isa = PBXFileReference; explicitFileType = wrapper.cfbundle; includeInIndex = 0; path = testtt12Tests.xctest; sourceTree = BUILT_PRODUCTS_DIR; };
		9F929B4A25EFCE3600987653 /* testtt12Tests.swift */ = {isa = PBXFileReference; lastKnownFileType = sourcecode.swift; path = testtt12Tests.swift; sourceTree = "<group>"; };
		9F929B4C25EFCE3600987653 /* Info.plist */ = {isa = PBXFileReference; lastKnownFileType = text.plist.xml; path = Info.plist; sourceTree = "<group>"; };
		9F929B5125EFCE3600987653 /* testtt12UITests.xctest */ = {isa = PBXFileReference; explicitFileType = wrapper.cfbundle; includeInIndex = 0; path = testtt12UITests.xctest; sourceTree = BUILT_PRODUCTS_DIR; };
		9F929B5525EFCE3600987653 /* testtt12UITests.swift */ = {isa = PBXFileReference; lastKnownFileType = sourcecode.swift; path = testtt12UITests.swift; sourceTree = "<group>"; };
		9F929B5725EFCE3600987653 /* Info.plist */ = {isa = PBXFileReference; lastKnownFileType = text.plist.xml; path = Info.plist; sourceTree = "<group>"; };
/* End PBXFileReference section */

/* Begin PBXFrameworksBuildPhase section */
		9F929B2D25EFCE2700987653 /* Frameworks */ = {
			isa = PBXFrameworksBuildPhase;
			buildActionMask = 2147483647;
			files = (
			);
			runOnlyForDeploymentPostprocessing = 0;
		};
		9F929B4325EFCE3600987653 /* Frameworks */ = {
			isa = PBXFrameworksBuildPhase;
			buildActionMask = 2147483647;
			files = (
			);
			runOnlyForDeploymentPostprocessing = 0;
		};
		9F929B4E25EFCE3600987653 /* Frameworks */ = {
			isa = PBXFrameworksBuildPhase;
			buildActionMask = 2147483647;
			files = (
			);
			runOnlyForDeploymentPostprocessing = 0;
		};
/* End PBXFrameworksBuildPhase section */

/* Begin PBXGroup section */
		9F929B2725EFCE2700987653 = {
			isa = PBXGroup;
			children = (
				9F929B3225EFCE2700987653 /* testtt12 */,
				9F929B4925EFCE3600987653 /* testtt12Tests */,
				9F929B5425EFCE3600987653 /* testtt12UITests */,
				9F929B3125EFCE2700987653 /* Products */,
			);
			sourceTree = "<group>";
		};
		9F929B3125EFCE2700987653 /* Products */ = {
			isa = PBXGroup;
			children = (
				9F929B3025EFCE2700987653 /* testtt12.app */,
				9F929B4625EFCE3600987653 /* testtt12Tests.xctest */,
				9F929B5125EFCE3600987653 /* testtt12UITests.xctest */,
			);
			name = Products;
			sourceTree = "<group>";
		};
		9F929B3225EFCE2700987653 /* testtt12 */ = {
			isa = PBXGroup;
			children = (
				9F929B3325EFCE2700987653 /* AppDelegate.swift */,
				9F929B3525EFCE2700987653 /* SceneDelegate.swift */,
				9F929B3725EFCE2700987653 /* ViewController.swift */,
				9F929B3925EFCE2700987653 /* Main.storyboard */,
				9F929B3C25EFCE3600987653 /* Assets.xcassets */,
				9F929B3E25EFCE3600987653 /* LaunchScreen.storyboard */,
				9F929B4125EFCE3600987653 /* Info.plist */,
			);
			path = testtt12;
			sourceTree = "<group>";
		};
		9F929B4925EFCE3600987653 /* testtt12Tests */ = {
			isa = PBXGroup;
			children = (
				9F929B4A25EFCE3600987653 /* testtt12Tests.swift */,
				9F929B4C25EFCE3600987653 /* Info.plist */,
			);
			path = testtt12Tests;
			sourceTree = "<group>";
		};
		9F929B5425EFCE3600987653 /* testtt12UITests */ = {
			isa = PBXGroup;
			children = (
				9F929B5525EFCE3600987653 /* testtt12UITests.swift */,
				9F929B5725EFCE3600987653 /* Info.plist */,
			);
			path = testtt12UITests;
			sourceTree = "<group>";
		};
/* End PBXGroup section */

/* Begin PBXNativeTarget section */
		9F929B2F25EFCE2700987653 /* testtt12 */ = {
			isa = PBXNativeTarget;
			buildConfigurationList = 9F929B5A25EFCE3600987653 /* Build configuration list for PBXNativeTarget "testtt12" */;
			buildPhases = (
				9F929B2C25EFCE2700987653 /* Sources */,
				9F929B2D25EFCE2700987653 /* Frameworks */,
				9F929B2E25EFCE2700987653 /* Resources */,
			);
			buildRules = (
			);
			dependencies = (
			);
			name = testtt12;
			productName = testtt12;
			productReference = 9F929B3025EFCE2700987653 /* testtt12.app */;
			productType = "com.apple.product-type.application";
		};
		9F929B4525EFCE3600987653 /* testtt12Tests */ = {
			isa = PBXNativeTarget;
			buildConfigurationList = 9F929B5D25EFCE3600987653 /* Build configuration list for PBXNativeTarget "testtt12Tests" */;
			buildPhases = (
				9F929B4225EFCE3600987653 /* Sources */,
				9F929B4325EFCE3600987653 /* Frameworks */,
				9F929B4425EFCE3600987653 /* Resources */,
			);
			buildRules = (
			);
			dependencies = (
				9F929B4825EFCE3600987653 /* PBXTargetDependency */,
			);
			name = testtt12Tests;
			productName = testtt12Tests;
			productReference = 9F929B4625EFCE3600987653 /* testtt12Tests.xctest */;
			productType = "com.apple.product-type.bundle.unit-test";
		};
		9F929B5025EFCE3600987653 /* testtt12UITests */ = {
			isa = PBXNativeTarget;
			buildConfigurationList = 9F929B6025EFCE3600987653 /* Build configuration list for PBXNativeTarget "testtt12UITests" */;
			buildPhases = (
				9F929B4D25EFCE3600987653 /* Sources */,
				9F929B4E25EFCE3600987653 /* Frameworks */,
				9F929B4F25EFCE3600987653 /* Resources */,
			);
			buildRules = (
			);
			dependencies = (
				9F929B5325EFCE3600987653 /* PBXTargetDependency */,
			);
			name = testtt12UITests;
			productName = testtt12UITests;
			productReference = 9F929B5125EFCE3600987653 /* testtt12UITests.xctest */;
			productType = "com.apple.product-type.bundle.ui-testing";
		};
/* End PBXNativeTarget section */

/* Begin PBXProject section */
		9F929B2825EFCE2700987653 /* Project object */ = {
			isa = PBXProject;
			attributes = {
				LastSwiftUpdateCheck = 1230;
				LastUpgradeCheck = 1230;
				TargetAttributes = {
					9F929B2F25EFCE2700987653 = {
						CreatedOnToolsVersion = 12.3;
					};
					9F929B4525EFCE3600987653 = {
						CreatedOnToolsVersion = 12.3;
						TestTargetID = 9F929B2F25EFCE2700987653;
					};
					9F929B5025EFCE3600987653 = {
						CreatedOnToolsVersion = 12.3;
						TestTargetID = 9F929B2F25EFCE2700987653;
					};
				};
			};
			buildConfigurationList = 9F929B2B25EFCE2700987653 /* Build configuration list for PBXProject "testtt12" */;
			compatibilityVersion = "Xcode 9.3";
			developmentRegion = en;
			hasScannedForEncodings = 0;
			knownRegions = (
				en,
				Base,
			);
			mainGroup = 9F929B2725EFCE2700987653;
			productRefGroup = 9F929B3125EFCE2700987653 /* Products */;
			projectDirPath = "";
			projectRoot = "";
			targets = (
				9F929B2F25EFCE2700987653 /* testtt12 */,
				9F929B4525EFCE3600987653 /* testtt12Tests */,
				9F929B5025EFCE3600987653 /* testtt12UITests */,
			);
		};
/* End PBXProject section */

/* Begin PBXResourcesBuildPhase section */
		9F929B2E25EFCE2700987653 /* Resources */ = {
			isa = PBXResourcesBuildPhase;
			buildActionMask = 2147483647;
			files = (
				9F929B4025EFCE3600987653 /* LaunchScreen.storyboard in Resources */,
				9F929B3D25EFCE3600987653 /* Assets.xcassets in Resources */,
				9F929B3B25EFCE2700987653 /* Main.storyboard in Resources */,
			);
			runOnlyForDeploymentPostprocessing = 0;
		};
		9F929B4425EFCE3600987653 /* Resources */ = {
			isa = PBXResourcesBuildPhase;
			buildActionMask = 2147483647;
			files = (
			);
			runOnlyForDeploymentPostprocessing = 0;
		};
		9F929B4F25EFCE3600987653 /* Resources */ = {
			isa = PBXResourcesBuildPhase;
			buildActionMask = 2147483647;
			files = (
			);
			runOnlyForDeploymentPostprocessing = 0;
		};
/* End PBXResourcesBuildPhase section */

/* Begin PBXSourcesBuildPhase section */
		9F929B2C25EFCE2700987653 /* Sources */ = {
			isa = PBXSourcesBuildPhase;
			buildActionMask = 2147483647;
			files = (
				9F929B3825EFCE2700987653 /* ViewController.swift in Sources */,
				9F929B3425EFCE2700987653 /* AppDelegate.swift in Sources */,
				9F929B3625EFCE2700987653 /* SceneDelegate.swift in Sources */,
			);
			runOnlyForDeploymentPostprocessing = 0;
		};
		9F929B4225EFCE3600987653 /* Sources */ = {
			isa = PBXSourcesBuildPhase;
			buildActionMask = 2147483647;
			files = (
				9F929B4B25EFCE3600987653 /* testtt12Tests.swift in Sources */,
			);
			runOnlyForDeploymentPostprocessing = 0;
		};
		9F929B4D25EFCE3600987653 /* Sources */ = {
			isa = PBXSourcesBuildPhase;
			buildActionMask = 2147483647;
			files = (
				9F929B5625EFCE3600987653 /* testtt12UITests.swift in Sources */,
			);
			runOnlyForDeploymentPostprocessing = 0;
		};
/* End PBXSourcesBuildPhase section */

/* Begin PBXTargetDependency section */
		9F929B4825EFCE3600987653 /* PBXTargetDependency */ = {
			isa = PBXTargetDependency;
			target = 9F929B2F25EFCE2700987653 /* testtt12 */;
			targetProxy = 9F929B4725EFCE3600987653 /* PBXContainerItemProxy */;
		};
		9F929B5325EFCE3600987653 /* PBXTargetDependency */ = {
			isa = PBXTargetDependency;
			target = 9F929B2F25EFCE2700987653 /* testtt12 */;
			targetProxy = 9F929B5225EFCE3600987653 /* PBXContainerItemProxy */;
		};
/* End PBXTargetDependency section */

/* Begin PBXVariantGroup section */
		9F929B3925EFCE2700987653 /* Main.storyboard */ = {
			isa = PBXVariantGroup;
			children = (
				9F929B3A25EFCE2700987653 /* Base */,
			);
			name = Main.storyboard;
			sourceTree = "<group>";
		};
		9F929B3E25EFCE3600987653 /* LaunchScreen.storyboard */ = {
			isa = PBXVariantGroup;
			children = (
				9F929B3F25EFCE3600987653 /* Base */,
			);
			name = LaunchScreen.storyboard;
			sourceTree = "<group>";
		};
/* End PBXVariantGroup section */

/* Begin XCBuildConfiguration section */
		9F929B5825EFCE3600987653 /* Debug */ = {
			isa = XCBuildConfiguration;
			buildSettings = {
				ALWAYS_SEARCH_USER_PATHS = NO;
				CLANG_ANALYZER_NONNULL = YES;
				CLANG_ANALYZER_NUMBER_OBJECT_CONVERSION = YES_AGGRESSIVE;
				CLANG_CXX_LANGUAGE_STANDARD = "gnu++14";
				CLANG_CXX_LIBRARY = "libc++";
				CLANG_ENABLE_MODULES = YES;
				CLANG_ENABLE_OBJC_ARC = YES;
				CLANG_ENABLE_OBJC_WEAK = YES;
				CLANG_WARN_BLOCK_CAPTURE_AUTORELEASING = YES;
				CLANG_WARN_BOOL_CONVERSION = YES;
				CLANG_WARN_COMMA = YES;
				CLANG_WARN_CONSTANT_CONVERSION = YES;
				CLANG_WARN_DEPRECATED_OBJC_IMPLEMENTATIONS = YES;
				CLANG_WARN_DIRECT_OBJC_ISA_USAGE = YES_ERROR;
				CLANG_WARN_DOCUMENTATION_COMMENTS = YES;
				CLANG_WARN_EMPTY_BODY = YES;
				CLANG_WARN_ENUM_CONVERSION = YES;
				CLANG_WARN_INFINITE_RECURSION = YES;
				CLANG_WARN_INT_CONVERSION = YES;
				CLANG_WARN_NON_LITERAL_NULL_CONVERSION = YES;
				CLANG_WARN_OBJC_IMPLICIT_RETAIN_SELF = YES;
				CLANG_WARN_OBJC_LITERAL_CONVERSION = YES;
				CLANG_WARN_OBJC_ROOT_CLASS = YES_ERROR;
				CLANG_WARN_QUOTED_INCLUDE_IN_FRAMEWORK_HEADER = YES;
				CLANG_WARN_RANGE_LOOP_ANALYSIS = YES;
				CLANG_WARN_STRICT_PROTOTYPES = YES;
				CLANG_WARN_SUSPICIOUS_MOVE = YES;
				CLANG_WARN_UNGUARDED_AVAILABILITY = YES_AGGRESSIVE;
				CLANG_WARN_UNREACHABLE_CODE = YES;
				CLANG_WARN__DUPLICATE_METHOD_MATCH = YES;
				COPY_PHASE_STRIP = NO;
				DEBUG_INFORMATION_FORMAT = dwarf;
				ENABLE_STRICT_OBJC_MSGSEND = YES;
				ENABLE_TESTABILITY = YES;
				GCC_C_LANGUAGE_STANDARD = gnu11;
				GCC_DYNAMIC_NO_PIC = NO;
				GCC_NO_COMMON_BLOCKS = YES;
				GCC_OPTIMIZATION_LEVEL = 0;
				GCC_PREPROCESSOR_DEFINITIONS = (
					"DEBUG=1",
					"$(inherited)",
				);
				GCC_WARN_64_TO_32_BIT_CONVERSION = YES;
				GCC_WARN_ABOUT_RETURN_TYPE = YES_ERROR;
				GCC_WARN_UNDECLARED_SELECTOR = YES;
				GCC_WARN_UNINITIALIZED_AUTOS = YES_AGGRESSIVE;
				GCC_WARN_UNUSED_FUNCTION = YES;
				GCC_WARN_UNUSED_VARIABLE = YES;
				IPHONEOS_DEPLOYMENT_TARGET = 14.3;
				MTL_ENABLE_DEBUG_INFO = INCLUDE_SOURCE;
				MTL_FAST_MATH = YES;
				ONLY_ACTIVE_ARCH = YES;
				SDKROOT = iphoneos;
				SWIFT_ACTIVE_COMPILATION_CONDITIONS = DEBUG;
				SWIFT_OPTIMIZATION_LEVEL = "-Onone";
			};
			name = Debug;
		};
		9F929B5925EFCE3600987653 /* Release */ = {
			isa = XCBuildConfiguration;
			buildSettings = {
				ALWAYS_SEARCH_USER_PATHS = NO;
				CLANG_ANALYZER_NONNULL = YES;
				CLANG_ANALYZER_NUMBER_OBJECT_CONVERSION = YES_AGGRESSIVE;
				CLANG_CXX_LANGUAGE_STANDARD = "gnu++14";
				CLANG_CXX_LIBRARY = "libc++";
				CLANG_ENABLE_MODULES = YES;
				CLANG_ENABLE_OBJC_ARC = YES;
				CLANG_ENABLE_OBJC_WEAK = YES;
				CLANG_WARN_BLOCK_CAPTURE_AUTORELEASING = YES;
				CLANG_WARN_BOOL_CONVERSION = YES;
				CLANG_WARN_COMMA = YES;
				CLANG_WARN_CONSTANT_CONVERSION = YES;
				CLANG_WARN_DEPRECATED_OBJC_IMPLEMENTATIONS = YES;
				CLANG_WARN_DIRECT_OBJC_ISA_USAGE = YES_ERROR;
				CLANG_WARN_DOCUMENTATION_COMMENTS = YES;
				CLANG_WARN_EMPTY_BODY = YES;
				CLANG_WARN_ENUM_CONVERSION = YES;
				CLANG_WARN_INFINITE_RECURSION = YES;
				CLANG_WARN_INT_CONVERSION = YES;
				CLANG_WARN_NON_LITERAL_NULL_CONVERSION = YES;
				CLANG_WARN_OBJC_IMPLICIT_RETAIN_SELF = YES;
				CLANG_WARN_OBJC_LITERAL_CONVERSION = YES;
				CLANG_WARN_OBJC_ROOT_CLASS = YES_ERROR;
				CLANG_WARN_QUOTED_INCLUDE_IN_FRAMEWORK_HEADER = YES;
				CLANG_WARN_RANGE_LOOP_ANALYSIS = YES;
				CLANG_WARN_STRICT_PROTOTYPES = YES;
				CLANG_WARN_SUSPICIOUS_MOVE = YES;
				CLANG_WARN_UNGUARDED_AVAILABILITY = YES_AGGRESSIVE;
				CLANG_WARN_UNREACHABLE_CODE = YES;
				CLANG_WARN__DUPLICATE_METHOD_MATCH = YES;
				COPY_PHASE_STRIP = NO;
				DEBUG_INFORMATION_FORMAT = "dwarf-with-dsym";
				ENABLE_NS_ASSERTIONS = NO;
				ENABLE_STRICT_OBJC_MSGSEND = YES;
				GCC_C_LANGUAGE_STANDARD = gnu11;
				GCC_NO_COMMON_BLOCKS = YES;
				GCC_WARN_64_TO_32_BIT_CONVERSION = YES;
				GCC_WARN_ABOUT_RETURN_TYPE = YES_ERROR;
				GCC_WARN_UNDECLARED_SELECTOR = YES;
				GCC_WARN_UNINITIALIZED_AUTOS = YES_AGGRESSIVE;
				GCC_WARN_UNUSED_FUNCTION = YES;
				GCC_WARN_UNUSED_VARIABLE = YES;
				IPHONEOS_DEPLOYMENT_TARGET = 14.3;
				MTL_ENABLE_DEBUG_INFO = NO;
				MTL_FAST_MATH = YES;
				SDKROOT = iphoneos;
				SWIFT_COMPILATION_MODE = wholemodule;
				SWIFT_OPTIMIZATION_LEVEL = "-O";
				VALIDATE_PRODUCT = YES;
			};
			name = Release;
		};
		9F929B5B25EFCE3600987653 /* Debug */ = {
			isa = XCBuildConfiguration;
			buildSettings = {
				ASSETCATALOG_COMPILER_APPICON_NAME = AppIcon;
				ASSETCATALOG_COMPILER_GLOBAL_ACCENT_COLOR_NAME = AccentColor;
				CODE_SIGN_STYLE = Automatic;
				INFOPLIST_FILE = testtt12/Info.plist;
				LD_RUNPATH_SEARCH_PATHS = (
					"$(inherited)",
					"@executable_path/Frameworks",
				);
				PRODUCT_BUNDLE_IDENTIFIER = "-23456.testtt12";
				PRODUCT_NAME = "$(TARGET_NAME)";
				SWIFT_VERSION = 5.0;
				TARGETED_DEVICE_FAMILY = "1,2";
			};
			name = Debug;
		};
		9F929B5C25EFCE3600987653 /* Release */ = {
			isa = XCBuildConfiguration;
			buildSettings = {
				ASSETCATALOG_COMPILER_APPICON_NAME = AppIcon;
				ASSETCATALOG_COMPILER_GLOBAL_ACCENT_COLOR_NAME = AccentColor;
				CODE_SIGN_STYLE = Automatic;
				INFOPLIST_FILE = testtt12/Info.plist;
				LD_RUNPATH_SEARCH_PATHS = (
					"$(inherited)",
					"@executable_path/Frameworks",
				);
				PRODUCT_BUNDLE_IDENTIFIER = "-23456.testtt12";
				PRODUCT_NAME = "$(TARGET_NAME)";
				SWIFT_VERSION = 5.0;
				TARGETED_DEVICE_FAMILY = "1,2";
			};
			name = Release;
		};
		9F929B5E25EFCE3600987653 /* Debug */ = {
			isa = XCBuildConfiguration;
			buildSettings = {
				ALWAYS_EMBED_SWIFT_STANDARD_LIBRARIES = YES;
				BUNDLE_LOADER = "$(TEST_HOST)";
				CODE_SIGN_STYLE = Automatic;
				INFOPLIST_FILE = testtt12Tests/Info.plist;
				IPHONEOS_DEPLOYMENT_TARGET = 14.3;
				LD_RUNPATH_SEARCH_PATHS = (
					"$(inherited)",
					"@executable_path/Frameworks",
					"@loader_path/Frameworks",
				);
				PRODUCT_BUNDLE_IDENTIFIER = "-23456.testtt12Tests";
				PRODUCT_NAME = "$(TARGET_NAME)";
				SWIFT_VERSION = 5.0;
				TARGETED_DEVICE_FAMILY = "1,2";
				TEST_HOST = "$(BUILT_PRODUCTS_DIR)/testtt12.app/testtt12";
			};
			name = Debug;
		};
		9F929B5F25EFCE3600987653 /* Release */ = {
			isa = XCBuildConfiguration;
			buildSettings = {
				ALWAYS_EMBED_SWIFT_STANDARD_LIBRARIES = YES;
				BUNDLE_LOADER = "$(TEST_HOST)";
				CODE_SIGN_STYLE = Automatic;
				INFOPLIST_FILE = testtt12Tests/Info.plist;
				IPHONEOS_DEPLOYMENT_TARGET = 14.3;
				LD_RUNPATH_SEARCH_PATHS = (
					"$(inherited)",
					"@executable_path/Frameworks",
					"@loader_path/Frameworks",
				);
				PRODUCT_BUNDLE_IDENTIFIER = "-23456.testtt12Tests";
				PRODUCT_NAME = "$(TARGET_NAME)";
				SWIFT_VERSION = 5.0;
				TARGETED_DEVICE_FAMILY = "1,2";
				TEST_HOST = "$(BUILT_PRODUCTS_DIR)/testtt12.app/testtt12";
			};
			name = Release;
		};
		9F929B6125EFCE3600987653 /* Debug */ = {
			isa = XCBuildConfiguration;
			buildSettings = {
				ALWAYS_EMBED_SWIFT_STANDARD_LIBRARIES = YES;
				CODE_SIGN_STYLE = Automatic;
				INFOPLIST_FILE = testtt12UITests/Info.plist;
				LD_RUNPATH_SEARCH_PATHS = (
					"$(inherited)",
					"@executable_path/Frameworks",
					"@loader_path/Frameworks",
				);
				PRODUCT_BUNDLE_IDENTIFIER = "-23456.testtt12UITests";
				PRODUCT_NAME = "$(TARGET_NAME)";
				SWIFT_VERSION = 5.0;
				TARGETED_DEVICE_FAMILY = "1,2";
				TEST_TARGET_NAME = testtt12;
			};
			name = Debug;
		};
		9F929B6225EFCE3600987653 /* Release */ = {
			isa = XCBuildConfiguration;
			buildSettings = {
				ALWAYS_EMBED_SWIFT_STANDARD_LIBRARIES = YES;
				CODE_SIGN_STYLE = Automatic;
				INFOPLIST_FILE = testtt12UITests/Info.plist;
				LD_RUNPATH_SEARCH_PATHS = (
					"$(inherited)",
					"@executable_path/Frameworks",
					"@loader_path/Frameworks",
				);
				PRODUCT_BUNDLE_IDENTIFIER = "-23456.testtt12UITests";
				PRODUCT_NAME = "$(TARGET_NAME)";
				SWIFT_VERSION = 5.0;
				TARGETED_DEVICE_FAMILY = "1,2";
				TEST_TARGET_NAME = testtt12;
			};
			name = Release;
		};
/* End XCBuildConfiguration section */

/* Begin XCConfigurationList section */
		9F929B2B25EFCE2700987653 /* Build configuration list for PBXProject "testtt12" */ = {
			isa = XCConfigurationList;
			buildConfigurations = (
				9F929B5825EFCE3600987653 /* Debug */,
				9F929B5925EFCE3600987653 /* Release */,
			);
			defaultConfigurationIsVisible = 0;
			defaultConfigurationName = Release;
		};
		9F929B5A25EFCE3600987653 /* Build configuration list for PBXNativeTarget "testtt12" */ = {
			isa = XCConfigurationList;
			buildConfigurations = (
				9F929B5B25EFCE3600987653 /* Debug */,
				9F929B5C25EFCE3600987653 /* Release */,
			);
			defaultConfigurationIsVisible = 0;
			defaultConfigurationName = Release;
		};
		9F929B5D25EFCE3600987653 /* Build configuration list for PBXNativeTarget "testtt12Tests" */ = {
			isa = XCConfigurationList;
			buildConfigurations = (
				9F929B5E25EFCE3600987653 /* Debug */,
				9F929B5F25EFCE3600987653 /* Release */,
			);
			defaultConfigurationIsVisible = 0;
			defaultConfigurationName = Release;
		};
		9F929B6025EFCE3600987653 /* Build configuration list for PBXNativeTarget "testtt12UITests" */ = {
			isa = XCConfigurationList;
			buildConfigurations = (
				9F929B6125EFCE3600987653 /* Debug */,
				9F929B6225EFCE3600987653 /* Release */,
			);
			defaultConfigurationIsVisible = 0;
			defaultConfigurationName = Release;
		};
/* End XCConfigurationList section */
	};
	rootObject = 9F929B2825EFCE2700987653 /* Project object */;
}
